// !$*UTF8*$!
{
	archiveVersion = 1;
	classes = {
	};
	objectVersion = 56;
	objects = {

/* Begin PBXBuildFile section */
		CA84A68E2FE03A770006A914 /* ViewControllerFactory.swift in Sources */ = {isa = PBXBuildFile; fileRef = CA84A68D2FE03A760006A914 /* ViewControllerFactory.swift */; };
		CA84A6932FE03B150006A914 /* SecondViewController.swift in Sources */ = {isa = PBXBuildFile; fileRef = CA84A6912FE03B150006A914 /* SecondViewController.swift */; };
		CA84A6942FE03B150006A914 /* SecondViewController.xib in Resources */ = {isa = PBXBuildFile; fileRef = CA84A6922FE03B150006A914 /* SecondViewController.xib */; };
		CA84A6962FE03BD80006A914 /* SecondViewModel.swift in Sources */ = {isa = PBXBuildFile; fileRef = CA84A6952FE03BD80006A914 /* SecondViewModel.swift */; };
		CAB4A4072FDFECCC00621895 /* AppDelegate.swift in Sources */ = {isa = PBXBuildFile; fileRef = CAB4A4062FDFECCC00621895 /* AppDelegate.swift */; };
		CAB4A4092FDFECCC00621895 /* SceneDelegate.swift in Sources */ = {isa = PBXBuildFile; fileRef = CAB4A4082FDFECCC00621895 /* SceneDelegate.swift */; };
		CAB4A40B2FDFECCC00621895 /* ViewController.swift in Sources */ = {isa = PBXBuildFile; fileRef = CAB4A40A2FDFECCC00621895 /* ViewController.swift */; };
		CAB4A40E2FDFECCC00621895 /* Main.storyboard in Resources */ = {isa = PBXBuildFile; fileRef = CAB4A40C2FDFECCC00621895 /* Main.storyboard */; };
		CAB4A4102FDFECCE00621895 /* Assets.xcassets in Resources */ = {isa = PBXBuildFile; fileRef = CAB4A40F2FDFECCE00621895 /* Assets.xcassets */; };
		CAB4A4132FDFECCE00621895 /* LaunchScreen.storyboard in Resources */ = {isa = PBXBuildFile; fileRef = CAB4A4112FDFECCE00621895 /* LaunchScreen.storyboard */; };
		CAB4A41C2FDFED2300621895 /* MovieService.swift in Sources */ = {isa = PBXBuildFile; fileRef = CAB4A41B2FDFED2300621895 /* MovieService.swift */; };
		CAB4A41F2FDFEDF500621895 /* FetchMoviesUseCase.swift in Sources */ = {isa = PBXBuildFile; fileRef = CAB4A41E2FDFEDF500621895 /* FetchMoviesUseCase.swift */; };
		CAB4A4222FDFEEB800621895 /* MovieListViewModel.swift in Sources */ = {isa = PBXBuildFile; fileRef = CAB4A4212FDFEEB800621895 /* MovieListViewModel.swift */; };
		CAB4A4242FDFF1C700621895 /* Movie.swift in Sources */ = {isa = PBXBuildFile; fileRef = CAB4A4232FDFF1C700621895 /* Movie.swift */; };
		CAB4A4262FDFF2E900621895 /* DIContainer.swift in Sources */ = {isa = PBXBuildFile; fileRef = CAB4A4252FDFF2E900621895 /* DIContainer.swift */; };
/* End PBXBuildFile section */

/* Begin PBXFileReference section */
		CA84A68D2FE03A760006A914 /* ViewControllerFactory.swift */ = {isa = PBXFileReference; lastKnownFileType = sourcecode.swift; path = ViewControllerFactory.swift; sourceTree = "<group>"; };
		CA84A6912FE03B150006A914 /* SecondViewController.swift */ = {isa = PBXFileReference; lastKnownFileType = sourcecode.swift; path = SecondViewController.swift; sourceTree = "<group>"; };
		CA84A6922FE03B150006A914 /* SecondViewController.xib */ = {isa = PBXFileReference; lastKnownFileType = file.xib; path = SecondViewController.xib; sourceTree = "<group>"; };
		CA84A6952FE03BD80006A914 /* SecondViewModel.swift */ = {isa = PBXFileReference; lastKnownFileType = sourcecode.swift; path = SecondViewModel.swift; sourceTree = "<group>"; };
		CAB4A4032FDFECCC00621895 /* DILab1.app */ = {isa = PBXFileReference; explicitFileType = wrapper.application; includeInIndex = 0; path = DILab1.app; sourceTree = BUILT_PRODUCTS_DIR; };
		CAB4A4062FDFECCC00621895 /* AppDelegate.swift */ = {isa = PBXFileReference; lastKnownFileType = sourcecode.swift; path = AppDelegate.swift; sourceTree = "<group>"; };
		CAB4A4082FDFECCC00621895 /* SceneDelegate.swift */ = {isa = PBXFileReference; lastKnownFileType = sourcecode.swift; path = SceneDelegate.swift; sourceTree = "<group>"; };
		CAB4A40A2FDFECCC00621895 /* ViewController.swift */ = {isa = PBXFileReference; lastKnownFileType = sourcecode.swift; path = ViewController.swift; sourceTree = "<group>"; };
		CAB4A40D2FDFECCC00621895 /* Base */ = {isa = PBXFileReference; lastKnownFileType = file.storyboard; name = Base; path = Base.lproj/Main.storyboard; sourceTree = "<group>"; };
		CAB4A40F2FDFECCE00621895 /* Assets.xcassets */ = {isa = PBXFileReference; lastKnownFileType = folder.assetcatalog; path = Assets.xcassets; sourceTree = "<group>"; };
		CAB4A4122FDFECCE00621895 /* Base */ = {isa = PBXFileReference; lastKnownFileType = file.storyboard; name = Base; path = Base.lproj/LaunchScreen.storyboard; sourceTree = "<group>"; };
		CAB4A4142FDFECCE00621895 /* Info.plist */ = {isa = PBXFileReference; lastKnownFileType = text.plist.xml; path = Info.plist; sourceTree = "<group>"; };
		CAB4A41B2FDFED2300621895 /* MovieService.swift */ = {isa = PBXFileReference; lastKnownFileType = sourcecode.swift; path = MovieService.swift; sourceTree = "<group>"; };
		CAB4A41E2FDFEDF500621895 /* FetchMoviesUseCase.swift */ = {isa = PBXFileReference; lastKnownFileType = sourcecode.swift; path = FetchMoviesUseCase.swift; sourceTree = "<group>"; };
		CAB4A4212FDFEEB800621895 /* MovieListViewModel.swift */ = {isa = PBXFileReference; lastKnownFileType = sourcecode.swift; path = MovieListViewModel.swift; sourceTree = "<group>"; };
		CAB4A4232FDFF1C700621895 /* Movie.swift */ = {isa = PBXFileReference; lastKnownFileType = sourcecode.swift; path = Movie.swift; sourceTree = "<group>"; };
		CAB4A4252FDFF2E900621895 /* DIContainer.swift */ = {isa = PBXFileReference; lastKnownFileType = sourcecode.swift; path = DIContainer.swift; sourceTree = "<group>"; };
/* End PBXFileReference section */

/* Begin PBXFrameworksBuildPhase section */
		CAB4A4002FDFECCC00621895 /* Frameworks */ = {
			isa = PBXFrameworksBuildPhase;
			buildActionMask = 2147483647;
			files = (
			);
			runOnlyForDeploymentPostprocessing = 0;
		};
/* End PBXFrameworksBuildPhase section */

/* Begin PBXGroup section */
		CA84A68F2FE03AEA0006A914 /* First */ = {
			isa = PBXGroup;
			children = (
				CAB4A40A2FDFECCC00621895 /* ViewController.swift */,
				CAB4A4212FDFEEB800621895 /* MovieListViewModel.swift */,
			);
			path = First;
			sourceTree = "<group>";
		};
		CA84A6902FE03AF60006A914 /* Second */ = {
			isa = PBXGroup;
			children = (
				CA84A6912FE03B150006A914 /* SecondViewController.swift */,
				CA84A6922FE03B150006A914 /* SecondViewController.xib */,
				CA84A6952FE03BD80006A914 /* SecondViewModel.swift */,
			);
			path = Second;
			sourceTree = "<group>";
		};
		CAB4A3FA2FDFECCB00621895 = {
			isa = PBXGroup;
			children = (
				CAB4A4052FDFECCC00621895 /* DILab1 */,
				CAB4A4042FDFECCC00621895 /* Products */,
			);
			sourceTree = "<group>";
		};
		CAB4A4042FDFECCC00621895 /* Products */ = {
			isa = PBXGroup;
			children = (
				CAB4A4032FDFECCC00621895 /* DILab1.app */,
			);
			name = Products;
			sourceTree = "<group>";
		};
		CAB4A4052FDFECCC00621895 /* DILab1 */ = {
			isa = PBXGroup;
			children = (
				CAB4A4202FDFEE7D00621895 /* presentation */,
				CAB4A41D2FDFEDE000621895 /* Domain */,
				CAB4A41A2FDFECE900621895 /* Data */,
				CAB4A4062FDFECCC00621895 /* AppDelegate.swift */,
				CAB4A4082FDFECCC00621895 /* SceneDelegate.swift */,
				CAB4A40C2FDFECCC00621895 /* Main.storyboard */,
				CAB4A40F2FDFECCE00621895 /* Assets.xcassets */,
				CAB4A4112FDFECCE00621895 /* LaunchScreen.storyboard */,
				CAB4A4142FDFECCE00621895 /* Info.plist */,
				CAB4A4252FDFF2E900621895 /* DIContainer.swift */,
			);
			path = DILab1;
			sourceTree = "<group>";
		};
		CAB4A41A2FDFECE900621895 /* Data */ = {
			isa = PBXGroup;
			children = (
				CAB4A41B2FDFED2300621895 /* MovieService.swift */,
				CAB4A4232FDFF1C700621895 /* Movie.swift */,
			);
			path = Data;
			sourceTree = "<group>";
		};
		CAB4A41D2FDFEDE000621895 /* Domain */ = {
			isa = PBXGroup;
			children = (
				CAB4A41E2FDFEDF500621895 /* FetchMoviesUseCase.swift */,
			);
			path = Domain;
			sourceTree = "<group>";
		};
		CAB4A4202FDFEE7D00621895 /* presentation */ = {
			isa = PBXGroup;
			children = (
				CA84A6902FE03AF60006A914 /* Second */,
				CA84A68F2FE03AEA0006A914 /* First */,
				CA84A68D2FE03A760006A914 /* ViewControllerFactory.swift */,
			);
			path = presentation;
			sourceTree = "<group>";
		};
/* End PBXGroup section */

/* Begin PBXNativeTarget section */
		CAB4A4022FDFECCC00621895 /* DILab1 */ = {
			isa = PBXNativeTarget;
			buildConfigurationList = CAB4A4172FDFECCE00621895 /* Build configuration list for PBXNativeTarget "DILab1" */;
			buildPhases = (
				CAB4A3FF2FDFECCC00621895 /* Sources */,
				CAB4A4002FDFECCC00621895 /* Frameworks */,
				CAB4A4012FDFECCC00621895 /* Resources */,
			);
			buildRules = (
			);
			dependencies = (
			);
			name = DILab1;
			productName = DILab1;
			productReference = CAB4A4032FDFECCC00621895 /* DILab1.app */;
			productType = "com.apple.product-type.application";
		};
/* End PBXNativeTarget section */

/* Begin PBXProject section */
		CAB4A3FB2FDFECCB00621895 /* Project object */ = {
			isa = PBXProject;
			attributes = {
				BuildIndependentTargetsInParallel = 1;
				LastSwiftUpdateCheck = 1520;
				LastUpgradeCheck = 1520;
				TargetAttributes = {
					CAB4A4022FDFECCC00621895 = {
						CreatedOnToolsVersion = 15.2;
					};
				};
			};
			buildConfigurationList = CAB4A3FE2FDFECCB00621895 /* Build configuration list for PBXProject "DILab1" */;
			compatibilityVersion = "Xcode 14.0";
			developmentRegion = en;
			hasScannedForEncodings = 0;
			knownRegions = (
				en,
				Base,
			);
			mainGroup = CAB4A3FA2FDFECCB00621895;
			productRefGroup = CAB4A4042FDFECCC00621895 /* Products */;
			projectDirPath = "";
			projectRoot = "";
			targets = (
				CAB4A4022FDFECCC00621895 /* DILab1 */,
			);
		};
/* End PBXProject section */

/* Begin PBXResourcesBuildPhase section */
		CAB4A4012FDFECCC00621895 /* Resources */ = {
			isa = PBXResourcesBuildPhase;
			buildActionMask = 2147483647;
			files = (
				CA84A6942FE03B150006A914 /* SecondViewController.xib in Resources */,
				CAB4A4132FDFECCE00621895 /* LaunchScreen.storyboard in Resources */,
				CAB4A4102FDFECCE00621895 /* Assets.xcassets in Resources */,
				CAB4A40E2FDFECCC00621895 /* Main.storyboard in Resources */,
			);
			runOnlyForDeploymentPostprocessing = 0;
		};
/* End PBXResourcesBuildPhase section */

/* Begin PBXSourcesBuildPhase section */
		CAB4A3FF2FDFECCC00621895 /* Sources */ = {
			isa = PBXSourcesBuildPhase;
			buildActionMask = 2147483647;
			files = (
				CAB4A4242FDFF1C700621895 /* Movie.swift in Sources */,
				CAB4A41F2FDFEDF500621895 /* FetchMoviesUseCase.swift in Sources */,
				CAB4A40B2FDFECCC00621895 /* ViewController.swift in Sources */,
				CA84A68E2FE03A770006A914 /* ViewControllerFactory.swift in Sources */,
				CAB4A4072FDFECCC00621895 /* AppDelegate.swift in Sources */,
				CA84A6962FE03BD80006A914 /* SecondViewModel.swift in Sources */,
				CAB4A4262FDFF2E900621895 /* DIContainer.swift in Sources */,
				CAB4A41C2FDFED2300621895 /* MovieService.swift in Sources */,
				CAB4A4092FDFECCC00621895 /* SceneDelegate.swift in Sources */,
				CA84A6932FE03B150006A914 /* SecondViewController.swift in Sources */,
				CAB4A4222FDFEEB800621895 /* MovieListViewModel.swift in Sources */,
			);
			runOnlyForDeploymentPostprocessing = 0;
		};
/* End PBXSourcesBuildPhase section */

/* Begin PBXVariantGroup section */
		CAB4A40C2FDFECCC00621895 /* Main.storyboard */ = {
			isa = PBXVariantGroup;
			children = (
				CAB4A40D2FDFECCC00621895 /* Base */,
			);
			name = Main.storyboard;
			sourceTree = "<group>";
		};
		CAB4A4112FDFECCE00621895 /* LaunchScreen.storyboard */ = {
			isa = PBXVariantGroup;
			children = (
				CAB4A4122FDFECCE00621895 /* Base */,
			);
			name = LaunchScreen.storyboard;
			sourceTree = "<group>";
		};
/* End PBXVariantGroup section */

/* Begin XCBuildConfiguration section */
		CAB4A4152FDFECCE00621895 /* Debug */ = {
			isa = XCBuildConfiguration;
			buildSettings = {
				ALWAYS_SEARCH_USER_PATHS = NO;
				ASSETCATALOG_COMPILER_GENERATE_SWIFT_ASSET_SYMBOL_EXTENSIONS = YES;
				CLANG_ANALYZER_NONNULL = YES;
				CLANG_ANALYZER_NUMBER_OBJECT_CONVERSION = YES_AGGRESSIVE;
				CLANG_CXX_LANGUAGE_STANDARD = "gnu++20";
				CLANG_ENABLE_MODULES = YES;
				CLANG_ENABLE_OBJC_ARC = YES;
				CLANG_ENABLE_OBJC_WEAK = YES;
				CLANG_WARN_BLOCK_CAPTURE_AUTORELEASING = YES;
				CLANG_WARN_BOOL_CONVERSION = YES;
				CLANG_WARN_COMMA = YES;
				CLANG_WARN_CONSTANT_CONVERSION = YES;
				CLANG_WARN_DEPRECATED_OBJC_IMPLEMENTATIONS = YES;
				CLANG_WARN_DIRECT_OBJC_ISA_USAGE = YES_ERROR;
				CLANG_WARN_DOCUMENTATION_COMMENTS = YES;
				CLANG_WARN_EMPTY_BODY = YES;
				CLANG_WARN_ENUM_CONVERSION = YES;
				CLANG_WARN_INFINITE_RECURSION = YES;
				CLANG_WARN_INT_CONVERSION = YES;
				CLANG_WARN_NON_LITERAL_NULL_CONVERSION = YES;
				CLANG_WARN_OBJC_IMPLICIT_RETAIN_SELF = YES;
				CLANG_WARN_OBJC_LITERAL_CONVERSION = YES;
				CLANG_WARN_OBJC_ROOT_CLASS = YES_ERROR;
				CLANG_WARN_QUOTED_INCLUDE_IN_FRAMEWORK_HEADER = YES;
				CLANG_WARN_RANGE_LOOP_ANALYSIS = YES;
				CLANG_WARN_STRICT_PROTOTYPES = YES;
				CLANG_WARN_SUSPICIOUS_MOVE = YES;
				CLANG_WARN_UNGUARDED_AVAILABILITY = YES_AGGRESSIVE;
				CLANG_WARN_UNREACHABLE_CODE = YES;
				CLANG_WARN__DUPLICATE_METHOD_MATCH = YES;
				COPY_PHASE_STRIP = NO;
				DEBUG_INFORMATION_FORMAT = dwarf;
				ENABLE_STRICT_OBJC_MSGSEND = YES;
				ENABLE_TESTABILITY = YES;
				ENABLE_USER_SCRIPT_SANDBOXING = YES;
				GCC_C_LANGUAGE_STANDARD = gnu17;
				GCC_DYNAMIC_NO_PIC = NO;
				GCC_NO_COMMON_BLOCKS = YES;
				GCC_OPTIMIZATION_LEVEL = 0;
				GCC_PREPROCESSOR_DEFINITIONS = (
					"DEBUG=1",
					"$(inherited)",
				);
				GCC_WARN_64_TO_32_BIT_CONVERSION = YES;
				GCC_WARN_ABOUT_RETURN_TYPE = YES_ERROR;
				GCC_WARN_UNDECLARED_SELECTOR = YES;
				GCC_WARN_UNINITIALIZED_AUTOS = YES_AGGRESSIVE;
				GCC_WARN_UNUSED_FUNCTION = YES;
				GCC_WARN_UNUSED_VARIABLE = YES;
				IPHONEOS_DEPLOYMENT_TARGET = 17.2;
				LOCALIZATION_PREFERS_STRING_CATALOGS = YES;
				MTL_ENABLE_DEBUG_INFO = INCLUDE_SOURCE;
				MTL_FAST_MATH = YES;
				ONLY_ACTIVE_ARCH = YES;
				SDKROOT = iphoneos;
				SWIFT_ACTIVE_COMPILATION_CONDITIONS = "DEBUG $(inherited)";
				SWIFT_OPTIMIZATION_LEVEL = "-Onone";
			};
			name = Debug;
		};
		CAB4A4162FDFECCE00621895 /* Release */ = {
			isa = XCBuildConfiguration;
			buildSettings = {
				ALWAYS_SEARCH_USER_PATHS = NO;
				ASSETCATALOG_COMPILER_GENERATE_SWIFT_ASSET_SYMBOL_EXTENSIONS = YES;
				CLANG_ANALYZER_NONNULL = YES;
				CLANG_ANALYZER_NUMBER_OBJECT_CONVERSION = YES_AGGRESSIVE;
				CLANG_CXX_LANGUAGE_STANDARD = "gnu++20";
				CLANG_ENABLE_MODULES = YES;
				CLANG_ENABLE_OBJC_ARC = YES;
				CLANG_ENABLE_OBJC_WEAK = YES;
				CLANG_WARN_BLOCK_CAPTURE_AUTORELEASING = YES;
				CLANG_WARN_BOOL_CONVERSION = YES;
				CLANG_WARN_COMMA = YES;
				CLANG_WARN_CONSTANT_CONVERSION = YES;
				CLANG_WARN_DEPRECATED_OBJC_IMPLEMENTATIONS = YES;
				CLANG_WARN_DIRECT_OBJC_ISA_USAGE = YES_ERROR;
				CLANG_WARN_DOCUMENTATION_COMMENTS = YES;
				CLANG_WARN_EMPTY_BODY = YES;
				CLANG_WARN_ENUM_CONVERSION = YES;
				CLANG_WARN_INFINITE_RECURSION = YES;
				CLANG_WARN_INT_CONVERSION = YES;
				CLANG_WARN_NON_LITERAL_NULL_CONVERSION = YES;
				CLANG_WARN_OBJC_IMPLICIT_RETAIN_SELF = YES;
				CLANG_WARN_OBJC_LITERAL_CONVERSION = YES;
				CLANG_WARN_OBJC_ROOT_CLASS = YES_ERROR;
				CLANG_WARN_QUOTED_INCLUDE_IN_FRAMEWORK_HEADER = YES;
				CLANG_WARN_RANGE_LOOP_ANALYSIS = YES;
				CLANG_WARN_STRICT_PROTOTYPES = YES;
				CLANG_WARN_SUSPICIOUS_MOVE = YES;
				CLANG_WARN_UNGUARDED_AVAILABILITY = YES_AGGRESSIVE;
				CLANG_WARN_UNREACHABLE_CODE = YES;
				CLANG_WARN__DUPLICATE_METHOD_MATCH = YES;
				COPY_PHASE_STRIP = NO;
				DEBUG_INFORMATION_FORMAT = "dwarf-with-dsym";
				ENABLE_NS_ASSERTIONS = NO;
				ENABLE_STRICT_OBJC_MSGSEND = YES;
				ENABLE_USER_SCRIPT_SANDBOXING = YES;
				GCC_C_LANGUAGE_STANDARD = gnu17;
				GCC_NO_COMMON_BLOCKS = YES;
				GCC_WARN_64_TO_32_BIT_CONVERSION = YES;
				GCC_WARN_ABOUT_RETURN_TYPE = YES_ERROR;
				GCC_WARN_UNDECLARED_SELECTOR = YES;
				GCC_WARN_UNINITIALIZED_AUTOS = YES_AGGRESSIVE;
				GCC_WARN_UNUSED_FUNCTION = YES;
				GCC_WARN_UNUSED_VARIABLE = YES;
				IPHONEOS_DEPLOYMENT_TARGET = 17.2;
				LOCALIZATION_PREFERS_STRING_CATALOGS = YES;
				MTL_ENABLE_DEBUG_INFO = NO;
				MTL_FAST_MATH = YES;
				SDKROOT = iphoneos;
				SWIFT_COMPILATION_MODE = wholemodule;
				VALIDATE_PRODUCT = YES;
			};
			name = Release;
		};
		CAB4A4182FDFECCE00621895 /* Debug */ = {
			isa = XCBuildConfiguration;
			buildSettings = {
				ASSETCATALOG_COMPILER_APPICON_NAME = AppIcon;
				ASSETCATALOG_COMPILER_GLOBAL_ACCENT_COLOR_NAME = AccentColor;
				CODE_SIGN_STYLE = Automatic;
				CURRENT_PROJECT_VERSION = 1;
				GENERATE_INFOPLIST_FILE = YES;
				INFOPLIST_FILE = DILab1/Info.plist;
				INFOPLIST_KEY_UIApplicationSupportsIndirectInputEvents = YES;
				INFOPLIST_KEY_UILaunchStoryboardName = LaunchScreen;
				INFOPLIST_KEY_UIMainStoryboardFile = Main;
				INFOPLIST_KEY_UISupportedInterfaceOrientations_iPad = "UIInterfaceOrientationPortrait UIInterfaceOrientationPortraitUpsideDown UIInterfaceOrientationLandscapeLeft UIInterfaceOrientationLandscapeRight";
				INFOPLIST_KEY_UISupportedInterfaceOrientations_iPhone = "UIInterfaceOrientationPortrait UIInterfaceOrientationLandscapeLeft UIInterfaceOrientationLandscapeRight";
				LD_RUNPATH_SEARCH_PATHS = (
					"$(inherited)",
					"@executable_path/Frameworks",
				);
				MARKETING_VERSION = 1.0;
				PRODUCT_BUNDLE_IDENTIFIER = com.ITI.DILab1;
				PRODUCT_NAME = "$(TARGET_NAME)";
				SWIFT_EMIT_LOC_STRINGS = YES;
				SWIFT_VERSION = 5.0;
				TARGETED_DEVICE_FAMILY = "1,2";
			};
			name = Debug;
		};
		CAB4A4192FDFECCE00621895 /* Release */ = {
			isa = XCBuildConfiguration;
			buildSettings = {
				ASSETCATALOG_COMPILER_APPICON_NAME = AppIcon;
				ASSETCATALOG_COMPILER_GLOBAL_ACCENT_COLOR_NAME = AccentColor;
				CODE_SIGN_STYLE = Automatic;
				CURRENT_PROJECT_VERSION = 1;
				GENERATE_INFOPLIST_FILE = YES;
				INFOPLIST_FILE = DILab1/Info.plist;
				INFOPLIST_KEY_UIApplicationSupportsIndirectInputEvents = YES;
				INFOPLIST_KEY_UILaunchStoryboardName = LaunchScreen;
				INFOPLIST_KEY_UIMainStoryboardFile = Main;
				INFOPLIST_KEY_UISupportedInterfaceOrientations_iPad = "UIInterfaceOrientationPortrait UIInterfaceOrientationPortraitUpsideDown UIInterfaceOrientationLandscapeLeft UIInterfaceOrientationLandscapeRight";
				INFOPLIST_KEY_UISupportedInterfaceOrientations_iPhone = "UIInterfaceOrientationPortrait UIInterfaceOrientationLandscapeLeft UIInterfaceOrientationLandscapeRight";
				LD_RUNPATH_SEARCH_PATHS = (
					"$(inherited)",
					"@executable_path/Frameworks",
				);
				MARKETING_VERSION = 1.0;
				PRODUCT_BUNDLE_IDENTIFIER = com.ITI.DILab1;
				PRODUCT_NAME = "$(TARGET_NAME)";
				SWIFT_EMIT_LOC_STRINGS = YES;
				SWIFT_VERSION = 5.0;
				TARGETED_DEVICE_FAMILY = "1,2";
			};
			name = Release;
		};
/* End XCBuildConfiguration section */

/* Begin XCConfigurationList section */
		CAB4A3FE2FDFECCB00621895 /* Build configuration list for PBXProject "DILab1" */ = {
			isa = XCConfigurationList;
			buildConfigurations = (
				CAB4A4152FDFECCE00621895 /* Debug */,
				CAB4A4162FDFECCE00621895 /* Release */,
			);
			defaultConfigurationIsVisible = 0;
			defaultConfigurationName = Release;
		};
		CAB4A4172FDFECCE00621895 /* Build configuration list for PBXNativeTarget "DILab1" */ = {
			isa = XCConfigurationList;
			buildConfigurations = (
				CAB4A4182FDFECCE00621895 /* Debug */,
				CAB4A4192FDFECCE00621895 /* Release */,
			);
			defaultConfigurationIsVisible = 0;
			defaultConfigurationName = Release;
		};
/* End XCConfigurationList section */
	};
	rootObject = CAB4A3FB2FDFECCB00621895 /* Project object */;
}
